{
  "version": 4,
  "terraform_version": "1.14.3",
  "serial": 4,
  "lineage": "0cb68b9c-36a6-cae7-9187-f12db4f310c2",
  "outputs": {},
  "resources": [
    {
      "mode": "managed",
      "type": "mongodb_database",
      "name": "kanji",
      "provider": "provider[\"registry.terraform.io/therealkaban9/mongodb\"]",
      "instances": [
        {
          "schema_version": 0,
          "attributes": {
            "collation": null,
            "id": "kanji",
            "name": "kanji"
          },
          "sensitive_attributes": [],
          "identity_schema_version": 0
        }
      ]
    },
    {
      "mode": "managed",
      "type": "mongodb_role",
      "name": "app_writer",
      "provider": "provider[\"registry.terraform.io/therealkaban9/mongodb\"]",
      "instances": [
        {
          "schema_version": 0,
          "attributes": {
            "database": "kanji",
            "id": "kanji/applicationWriter",
            "inherited_roles": [],
            "privileges": [
              {
                "actions": [
                  "find",
                  "insert",
                  "update"
                ],
                "resource": {
                  "cluster": false,
                  "collection": "",
                  "database": "kanji"
                }
              }
            ],
            "role_name": "applicationWriter"
          },
          "sensitive_attributes": [],
          "identity_schema_version": 0,
          "dependencies": [
            "mongodb_database.kanji"
          ]
        }
      ]
    },
    {
      "mode": "managed",
      "type": "mongodb_user",
      "name": "scraper",
      "provider": "provider[\"registry.terraform.io/therealkaban9/mongodb\"]",
      "instances": [
        {
          "schema_version": 0,
          "attributes": {
            "database": "kanji",
            "id": "kanji/scraper",
            "password": "Pokemon11!",
            "roles": [
              {
                "database": "kanji",
                "role": "applicationWriter"
              }
            ],
            "username": "scraper"
          },
          "sensitive_attributes": [
            [
              {
                "type": "get_attr",
                "value": "password"
              }
            ]
          ],
          "identity_schema_version": 0,
          "dependencies": [
            "mongodb_database.kanji",
            "mongodb_role.app_writer"
          ]
        }
      ]
    }
  ],
  "check_results": null
}
